github.com/emersion/go-sasl v0.0.0-20200509203442-7bfe0ed36a21 h1:OJyUGMJTzHTd1XQp98QTaHernxMYzRaOasRir9hUlFQ=
github.com/emersion/go-sasl v0.0.0-20200509203442-7bfe0ed36a21/go.mod h1:iL2twTeMvZnrg54ZoPDNfJaJaqy0xIQFuBdrLsmspwQ=
github.com/emersion/go-smtp v0.18.1 h1:4DFV0jxKhq0Gqt/Br3BRHyKZy5TStk6NIMHAx6GE/LA=
github.com/emersion/go-smtp v0.18.1/go.mod h1:qm27SGYgoIPRot6ubfQ/GpiPy/g3PaZAVRxiO/sDUgQ=
github.com/emersion/go-smtp v0.21.3 h1:7uVwagE8iPYE48WhNsng3RRpCUpFvNl39JGNSIyGVMY=
github.com/emersion/go-smtp v0.21.3/go.mod h1:qm27SGYgoIPRot6ubfQ/GpiPy/g3PaZAVRxiO/sDUgQ=
github.com/mattn/go-sqlite3 v1.14.18 h1:JL0eqdCOq6DJVNPSvArO/bIV9/P7fbGrV00LZHc+5aI=
github.com/mattn/go-sqlite3 v1.14.18/go.mod h1:2eHXhiwb8IkHr+BDWZGa96P6+rkvnG63S2DGjv9HUNg=
github.com/mattn/go-sqlite3 v1.14.24 h1:tpSp2G2KyMnnQu99ngJ47EIkWVmliIizyZBfPrBWDRM=
github.com/mattn/go-sqlite3 v1.14.24/go.mod h1:Uh1q+B4BYcTPb+yiD3kU8Ct7aC0hY9fxUwlHK0RXw+Y=
github.com/mhale/smtpd v0.8.3 h1:8j8YNXajksoSLZja3HdwvYVZPuJSqAxFsib3adzRRt8=
github.com/mhale/smtpd v0.8.3/go.mod h1:MQl+y2hwIEQCXtNhe5+55n0GZOjSmeqORDIXbqUL3x4=
